
Microsoft Visual Studio Solution File, Format Version 12.00
# Visual Studio Version 17
VisualStudioVersion = 17.9.34723.18
MinimumVisualStudioVersion = 10.0.40219.1
Project("{FAE04EC0-301F-11D3-BF4B-00C04F79EFBC}") = "ColorMaker", "ColorMaker\ColorMaker.csproj", "{F811B74C-CBC8-409A-8A4F-5E880773A37F}"
EndProject
Global
	GlobalSection(SolutionConfigurationPlatforms) = preSolution
		Debug|Any CPU = Debug|Any CPU
		Release|Any CPU = Release|Any CPU
	EndGlobalSection
	GlobalSection(ProjectConfigurationPlatforms) = postSolution
		{F811B74C-CBC8-409A-8A4F-5E880773A37F}.Debug|Any CPU.ActiveCfg = Debug|Any CPU
		{F811B74C-CBC8-409A-8A4F-5E880773A37F}.Debug|Any CPU.Build.0 = Debug|Any CPU
		{F811B74C-CBC8-409A-8A4F-5E880773A37F}.Debug|Any CPU.Deploy.0 = Debug|Any CPU
		{F811B74C-CBC8-409A-8A4F-5E880773A37F}.Release|Any CPU.ActiveCfg = Release|Any CPU
		{F811B74C-CBC8-409A-8A4F-5E880773A37F}.Release|Any CPU.Build.0 = Release|Any CPU
		{F811B74C-CBC8-409A-8A4F-5E880773A37F}.Release|Any CPU.Deploy.0 = Release|Any CPU
	EndGlobalSection
	GlobalSection(SolutionProperties) = preSolution
		HideSolutionNode = FALSE
	EndGlobalSection
	GlobalSection(ExtensibilityGlobals) = postSolution
		SolutionGuid = {1BDC110A-9DD3-4D41-9C8D-1C1D8F5C6B3F}
	EndGlobalSection
EndGlobal
